# THIS IS AN AUTOGENERATED FILE. DO NOT EDIT THIS FILE DIRECTLY.
# yarn lockfile v1


"@firebase/app@^0.1.1":
  version "0.1.1"
  resolved "https://registry.yarnpkg.com/@firebase/app/-/app-0.1.1.tgz#26e660bff8b4242860dea57eb934a5f71d2b81c2"
  dependencies:
    "@firebase/util" "^0.1.1"

"@firebase/auth@^0.2.0":
  version "0.2.0"
  resolved "https://registry.yarnpkg.com/@firebase/auth/-/auth-0.2.0.tgz#1d1c264285fba74013bb10a49baa2bb0598dad73"

"@firebase/database@^0.1.2":
  version "0.1.2"
  resolved "https://registry.yarnpkg.com/@firebase/database/-/database-0.1.2.tgz#de7992fdf7c34b9fee603317c6e89f8e62b76bdc"
  dependencies:
    "@firebase/util" "^0.1.1"
    faye-websocket "0.9.3"

"@firebase/firestore@^0.1.2":
  version "0.1.2"
  resolved "https://registry.yarnpkg.com/@firebase/firestore/-/firestore-0.1.2.tgz#ebf53cab0bca8ca4d7caec3aa3f27a3cb7a940b6"
  dependencies:
    "@firebase/webchannel-wrapper" "^0.2.3"

"@firebase/messaging@^0.1.2":
  version "0.1.2"
  resolved "https://registry.yarnpkg.com/@firebase/messaging/-/messaging-0.1.2.tgz#4dfd73abe4fa962ccb015d71e214960559ad271e"
  dependencies:
    "@firebase/util" "^0.1.1"

"@firebase/polyfill@^0.1.1":
  version "0.1.1"
  resolved "https://registry.yarnpkg.com/@firebase/polyfill/-/polyfill-0.1.1.tgz#fd31789b58357f619245aac1f76b982c07398a6f"
  dependencies:
    promise-polyfill "^6.0.2"

"@firebase/storage@^0.1.1":
  version "0.1.1"
  resolved "https://registry.yarnpkg.com/@firebase/storage/-/storage-0.1.1.tgz#5604405d59010f34f90ecc4bbb0b19b7afd05e82"

"@firebase/util@^0.1.1":
  version "0.1.1"
  resolved "https://registry.yarnpkg.com/@firebase/util/-/util-0.1.1.tgz#4faa625ffd6e7c518088758cba08790973f7abf9"

"@firebase/webchannel-wrapper@^0.2.3":
  version "0.2.3"
  resolved "https://registry.yarnpkg.com/@firebase/webchannel-wrapper/-/webchannel-wrapper-0.2.3.tgz#e94f7e772f40e48a2dc52e57d1df38b28bf98e39"

"@types/react@^16.0.19":
  version "16.0.19"
  resolved "https://registry.yarnpkg.com/@types/react/-/react-16.0.19.tgz#f804a0fcd6d94c17df92cf2fd46671bbbc862329"

asap@~2.0.3:
  version "2.0.6"
  resolved "https://registry.yarnpkg.com/asap/-/asap-2.0.6.tgz#e50347611d7e690943208bbdafebcbc2fb866d46"

core-js@^1.0.0:
  version "1.2.7"
  resolved "https://registry.yarnpkg.com/core-js/-/core-js-1.2.7.tgz#652294c14651db28fa93bd2d5ff2983a4f08c636"

dom-storage@^2.0.2:
  version "2.0.2"
  resolved "https://registry.yarnpkg.com/dom-storage/-/dom-storage-2.0.2.tgz#ed17cbf68abd10e0aef8182713e297c5e4b500b0"

encoding@^0.1.11:
  version "0.1.12"
  resolved "https://registry.yarnpkg.com/encoding/-/encoding-0.1.12.tgz#538b66f3ee62cd1ab51ec323829d1f9480c74beb"
  dependencies:
    iconv-lite "~0.4.13"

faye-websocket@0.9.3:
  version "0.9.3"
  resolved "https://registry.yarnpkg.com/faye-websocket/-/faye-websocket-0.9.3.tgz#482a505b0df0ae626b969866d3bd740cdb962e83"
  dependencies:
    websocket-driver ">=0.5.1"

fbjs@^0.8.16:
  version "0.8.16"
  resolved "https://registry.yarnpkg.com/fbjs/-/fbjs-0.8.16.tgz#5e67432f550dc41b572bf55847b8aca64e5337db"
  dependencies:
    core-js "^1.0.0"
    isomorphic-fetch "^2.1.1"
    loose-envify "^1.0.0"
    object-assign "^4.1.0"
    promise "^7.1.1"
    setimmediate "^1.0.5"
    ua-parser-js "^0.7.9"

firebase@^4.6.0:
  version "4.6.0"
  resolved "https://registry.yarnpkg.com/firebase/-/firebase-4.6.0.tgz#59f68cda7085465b46210f816ffef4e94451d891"
  dependencies:
    "@firebase/app" "^0.1.1"
    "@firebase/auth" "^0.2.0"
    "@firebase/database" "^0.1.2"
    "@firebase/firestore" "^0.1.2"
    "@firebase/messaging" "^0.1.2"
    "@firebase/polyfill" "^0.1.1"
    "@firebase/storage" "^0.1.1"
    dom-storage "^2.0.2"
    xmlhttprequest "^1.8.0"

http-parser-js@>=0.4.0:
  version "0.4.9"
  resolved "https://registry.yarnpkg.com/http-parser-js/-/http-parser-js-0.4.9.tgz#ea1a04fb64adff0242e9974f297dd4c3cad271e1"

iconv-lite@~0.4.13:
  version "0.4.19"
  resolved "https://registry.yarnpkg.com/iconv-lite/-/iconv-lite-0.4.19.tgz#f7468f60135f5e5dad3399c0a81be9a1603a082b"

is-stream@^1.0.1:
  version "1.1.0"
  resolved "https://registry.yarnpkg.com/is-stream/-/is-stream-1.1.0.tgz#12d4a3dd4e68e0b79ceb8dbc84173ae80d91ca44"

isomorphic-fetch@^2.1.1:
  version "2.2.1"
  resolved "https://registry.yarnpkg.com/isomorphic-fetch/-/isomorphic-fetch-2.2.1.tgz#611ae1acf14f5e81f729507472819fe9733558a9"
  dependencies:
    node-fetch "^1.0.1"
    whatwg-fetch ">=0.10.0"

js-tokens@^3.0.0:
  version "3.0.2"
  resolved "https://registry.yarnpkg.com/js-tokens/-/js-tokens-3.0.2.tgz#9866df395102130e38f7f996bceb65443209c25b"

loose-envify@^1.0.0, loose-envify@^1.1.0, loose-envify@^1.3.1:
  version "1.3.1"
  resolved "https://registry.yarnpkg.com/loose-envify/-/loose-envify-1.3.1.tgz#d1a8ad33fa9ce0e713d65fdd0ac8b748d478c848"
  dependencies:
    js-tokens "^3.0.0"

node-fetch@^1.0.1:
  version "1.7.3"
  resolved "https://registry.yarnpkg.com/node-fetch/-/node-fetch-1.7.3.tgz#980f6f72d85211a5347c6b2bc18c5b84c3eb47ef"
  dependencies:
    encoding "^0.1.11"
    is-stream "^1.0.1"

object-assign@^4.1.0, object-assign@^4.1.1:
  version "4.1.1"
  resolved "https://registry.yarnpkg.com/object-assign/-/object-assign-4.1.1.tgz#2109adc7965887cfc05cbbd442cac8bfbb360863"

promise-polyfill@^6.0.2:
  version "6.0.2"
  resolved "https://registry.yarnpkg.com/promise-polyfill/-/promise-polyfill-6.0.2.tgz#d9c86d3dc4dc2df9016e88946defd69b49b41162"

promise@^7.1.1:
  version "7.3.1"
  resolved "https://registry.yarnpkg.com/promise/-/promise-7.3.1.tgz#064b72602b18f90f29192b8b1bc418ffd1ebd3bf"
  dependencies:
    asap "~2.0.3"

prop-types@^15.6.0:
  version "15.6.0"
  resolved "https://registry.yarnpkg.com/prop-types/-/prop-types-15.6.0.tgz#ceaf083022fc46b4a35f69e13ef75aed0d639856"
  dependencies:
    fbjs "^0.8.16"
    loose-envify "^1.3.1"
    object-assign "^4.1.1"

react@^16.0.0:
  version "16.0.0"
  resolved "https://registry.yarnpkg.com/react/-/react-16.0.0.tgz#ce7df8f1941b036f02b2cca9dbd0cb1f0e855e2d"
  dependencies:
    fbjs "^0.8.16"
    loose-envify "^1.1.0"
    object-assign "^4.1.1"
    prop-types "^15.6.0"

setimmediate@^1.0.5:
  version "1.0.5"
  resolved "https://registry.yarnpkg.com/setimmediate/-/setimmediate-1.0.5.tgz#290cbb232e306942d7d7ea9b83732ab7856f8285"

typescript@^2.5.3:
  version "2.6.1"
  resolved "https://registry.yarnpkg.com/typescript/-/typescript-2.6.1.tgz#ef39cdea27abac0b500242d6726ab90e0c846631"

ua-parser-js@^0.7.9:
  version "0.7.17"
  resolved "https://registry.yarnpkg.com/ua-parser-js/-/ua-parser-js-0.7.17.tgz#e9ec5f9498b9ec910e7ae3ac626a805c4d09ecac"

websocket-driver@>=0.5.1:
  version "0.7.0"
  resolved "https://registry.yarnpkg.com/websocket-driver/-/websocket-driver-0.7.0.tgz#0caf9d2d755d93aee049d4bdd0d3fe2cca2a24eb"
  dependencies:
    http-parser-js ">=0.4.0"
    websocket-extensions ">=0.1.1"

websocket-extensions@>=0.1.1:
  version "0.1.2"
  resolved "https://registry.yarnpkg.com/websocket-extensions/-/websocket-extensions-0.1.2.tgz#0e18781de629a18308ce1481650f67ffa2693a5d"

whatwg-fetch@>=0.10.0:
  version "2.0.3"
  resolved "https://registry.yarnpkg.com/whatwg-fetch/-/whatwg-fetch-2.0.3.tgz#9c84ec2dcf68187ff00bc64e1274b442176e1c84"

xmlhttprequest@^1.8.0:
  version "1.8.0"
  resolved "https://registry.yarnpkg.com/xmlhttprequest/-/xmlhttprequest-1.8.0.tgz#67fe075c5c24fef39f9d65f5f7b7fe75171968fc"
